
Microsoft Visual Studio Solution File, Format Version 12.00
# Visual Studio 15
VisualStudioVersion = 15.0.26730.10
MinimumVisualStudioVersion = 10.0.40219.1
Project("{8BC9CEB8-8B4A-11D0-8D11-00A0C91BC942}") = "COMP_345_SIVA", "COMP_345_SIVA\COMP_345_SIVA.vcxproj", "{AF555867-C7A3-4C86-AB94-ADE90F639998}"
EndProject
Global
	GlobalSection(SolutionConfigurationPlatforms) = preSolution
		Debug|x64 = Debug|x64
		Debug|x86 = Debug|x86
		Release|x64 = Release|x64
		Release|x86 = Release|x86
	EndGlobalSection
	GlobalSection(ProjectConfigurationPlatforms) = postSolution
		{AF555867-C7A3-4C86-AB94-ADE90F639998}.Debug|x64.ActiveCfg = Debug|x64
		{AF555867-C7A3-4C86-AB94-ADE90F639998}.Debug|x64.Build.0 = Debug|x64
		{AF555867-C7A3-4C86-AB94-ADE90F639998}.Debug|x86.ActiveCfg = Debug|Win32
		{AF555867-C7A3-4C86-AB94-ADE90F639998}.Debug|x86.Build.0 = Debug|Win32
		{AF555867-C7A3-4C86-AB94-ADE90F639998}.Release|x64.ActiveCfg = Release|x64
		{AF555867-C7A3-4C86-AB94-ADE90F639998}.Release|x64.Build.0 = Release|x64
		{AF555867-C7A3-4C86-AB94-ADE90F639998}.Release|x86.ActiveCfg = Release|Win32
		{AF555867-C7A3-4C86-AB94-ADE90F639998}.Release|x86.Build.0 = Release|Win32
	EndGlobalSection
	GlobalSection(SolutionProperties) = preSolution
		HideSolutionNode = FALSE
	EndGlobalSection
	GlobalSection(ExtensibilityGlobals) = postSolution
		SolutionGuid = {18AD63F9-85AA-4282-A249-459DF9A6C523}
	EndGlobalSection
EndGlobal
